Microsoft Visual Studio Solution File, Format Version 12.00
# Visual Studio Version 17
VisualStudioVersion = 17.5.2.0
MinimumVisualStudioVersion = 10.0.40219.1
Project("{FAE04EC0-301F-11D3-BF4B-00C04F79EFBC}") = "MyThirdApp", "MyThirdApp.csproj", "{09C3C4A9-355B-52BF-D3D4-9C8121599EF3}"
EndProject
Global
	GlobalSection(SolutionConfigurationPlatforms) = preSolution
		Debug|Any CPU = Debug|Any CPU
		Release|Any CPU = Release|Any CPU
	EndGlobalSection
	GlobalSection(ProjectConfigurationPlatforms) = postSolution
		{09C3C4A9-355B-52BF-D3D4-9C8121599EF3}.Debug|Any CPU.ActiveCfg = Debug|Any CPU
		{09C3C4A9-355B-52BF-D3D4-9C8121599EF3}.Debug|Any CPU.Build.0 = Debug|Any CPU
		{09C3C4A9-355B-52BF-D3D4-9C8121599EF3}.Release|Any CPU.ActiveCfg = Release|Any CPU
		{09C3C4A9-355B-52BF-D3D4-9C8121599EF3}.Release|Any CPU.Build.0 = Release|Any CPU
	EndGlobalSection
	GlobalSection(SolutionProperties) = preSolution
		HideSolutionNode = FALSE
	EndGlobalSection
	GlobalSection(ExtensibilityGlobals) = postSolution
		SolutionGuid = {8DE57EEC-204B-404B-8C9A-01A32F5997A6}
	EndGlobalSection
EndGlobal
